{
  "name": "carlo-test",
  "version": "1.0.43",
  "lockfileVersion": 1,
  "requires": true,
  "dependencies": {
    "ceres-decl": {
      "version": "1.0.8",
      "resolved": "https://registry.npmjs.org/ceres-decl/-/ceres-decl-1.0.8.tgz",
      "integrity": "sha512-NYWDsCK9vnipDGGvOj9/0FCbm3kA0oILSocil4AhLkup++nNs3kTCAtplTZrV3d28EmrTO3UAVlHnCoejGu3wA==",
      "dev": true
    },
    "ceres-tstl": {
      "version": "0.31.0-patch1",
      "resolved": "https://registry.npmjs.org/ceres-tstl/-/ceres-tstl-0.31.0-patch1.tgz",
      "integrity": "sha512-th9E7jf79EsoXUWEw8PVU7EEAHg3FSp8SWctUc0O4vtPJfVP5h/rRYb5V13P7edbWVukrfHI+6Bu+xQlC+x3vw==",
      "dev": true,
      "requires": {
        "resolve": "^1.13.1",
        "source-map": "^0.7.3",
        "typescript": "^3.7.3"
      }
    },
    "cerrie": {
      "version": "1.0.4",
      "resolved": "https://registry.npmjs.org/cerrie/-/cerrie-1.0.4.tgz",
      "integrity": "sha512-FWhs6EQdgGdsGNIdau5AQ7iQi16pCfcpHV/cZI1HJyPMJPWLjj2D3e3HBqxUamWXIv8nUbBApp/HpuMJvbOEpw==",
      "dev": true,
      "requires": {
        "ceres-decl": "^1.0.0",
        "lua-types": "^2.7.0"
      }
    },
    "function-bind": {
      "version": "1.1.1",
      "resolved": "https://registry.npmjs.org/function-bind/-/function-bind-1.1.1.tgz",
      "integrity": "sha512-yIovAzMX49sF8Yl58fSCWJ5svSLuaibPxXQJFLmBObTuCr0Mf1KiPopGM9NiFjiYBCbfaa2Fh6breQ6ANVTI0A==",
      "dev": true
    },
    "has": {
      "version": "1.0.3",
      "resolved": "https://registry.npmjs.org/has/-/has-1.0.3.tgz",
      "integrity": "sha512-f2dvO0VU6Oej7RkWJGrehjbzMAjFp5/VKPp5tTpWIV4JHHZK1/BxbFRtf/siA2SWTe09caDmVtYYzWEIbBS4zw==",
      "dev": true,
      "requires": {
        "function-bind": "^1.1.1"
      }
    },
    "is-core-module": {
      "version": "2.0.0",
      "resolved": "https://registry.npmjs.org/is-core-module/-/is-core-module-2.0.0.tgz",
      "integrity": "sha512-jq1AH6C8MuteOoBPwkxHafmByhL9j5q4OaPGdbuD+ZtQJVzH+i6E3BJDQcBA09k57i2Hh2yQbEG8yObZ0jdlWw==",
      "dev": true,
      "requires": {
        "has": "^1.0.3"
      }
    },
    "lua-types": {
      "version": "2.8.0",
      "resolved": "https://registry.npmjs.org/lua-types/-/lua-types-2.8.0.tgz",
      "integrity": "sha512-FJY32giHIqD/XW1XGkJnl8XotXIJsJ2M42fj9A2UudttWA6orJioToW1OpgPdayTr+S1/oTO7i+hfBY3UVG8Fg==",
      "dev": true
    },
    "path-parse": {
      "version": "1.0.6",
      "resolved": "https://registry.npmjs.org/path-parse/-/path-parse-1.0.6.tgz",
      "integrity": "sha512-GSmOT2EbHrINBf9SR7CDELwlJ8AENk3Qn7OikK4nFYAu3Ote2+JYNVvkpAEQm3/TLNEJFD/xZJjzyxg3KBWOzw==",
      "dev": true
    },
    "resolve": {
      "version": "1.18.1",
      "resolved": "https://registry.npmjs.org/resolve/-/resolve-1.18.1.tgz",
      "integrity": "sha512-lDfCPaMKfOJXjy0dPayzPdF1phampNWr3qFCjAu+rw/qbQmr5jWH5xN2hwh9QKfw9E5v4hwV7A+jrCmL8yjjqA==",
      "dev": true,
      "requires": {
        "is-core-module": "^2.0.0",
        "path-parse": "^1.0.6"
      }
    },
    "source-map": {
      "version": "0.7.3",
      "resolved": "https://registry.npmjs.org/source-map/-/source-map-0.7.3.tgz",
      "integrity": "sha512-CkCj6giN3S+n9qrYiBTX5gystlENnRW5jZeNLHpe6aue+SrHcG5VYwujhW9s4dY31mEGsxBDrHR6oI69fTXsaQ==",
      "dev": true
    },
    "typescript": {
      "version": "3.9.7",
      "resolved": "https://registry.npmjs.org/typescript/-/typescript-3.9.7.tgz",
      "integrity": "sha512-BLbiRkiBzAwsjut4x/dsibSTB6yWpwT5qWmC2OfuCg3GgVQCSgMs4vEctYPhsaGtd0AeuuHMkjZ2h2WG8MSzRw==",
      "dev": true
    }
  }
}
